// !$*UTF8*$!
{
	archiveVersion = 1;
	classes = {
	};
	objectVersion = 50;
	objects = {

/* Begin PBXBuildFile section */
		38C668EC235591A70062B8D2 /* AppDelegate.swift in Sources */ = {isa = PBXBuildFile; fileRef = 38C668EB235591A70062B8D2 /* AppDelegate.swift */; };
		38C668EE235591A70062B8D2 /* ViewController.swift in Sources */ = {isa = PBXBuildFile; fileRef = 38C668ED235591A70062B8D2 /* ViewController.swift */; };
		38C668F1235591A70062B8D2 /* Main.storyboard in Resources */ = {isa = PBXBuildFile; fileRef = 38C668EF235591A70062B8D2 /* Main.storyboard */; };
		38C668F3235591A80062B8D2 /* Assets.xcassets in Resources */ = {isa = PBXBuildFile; fileRef = 38C668F2235591A80062B8D2 /* Assets.xcassets */; };
		38C668F6235591A80062B8D2 /* LaunchScreen.storyboard in Resources */ = {isa = PBXBuildFile; fileRef = 38C668F4235591A80062B8D2 /* LaunchScreen.storyboard */; };
		38C668FF235592300062B8D2 /* PlayingCard.swift in Sources */ = {isa = PBXBuildFile; fileRef = 38C668FE235592300062B8D2 /* PlayingCard.swift */; };
		38C66901235598020062B8D2 /* PlayingCardDeck.swift in Sources */ = {isa = PBXBuildFile; fileRef = 38C66900235598020062B8D2 /* PlayingCardDeck.swift */; };
		38C669032355DB780062B8D2 /* PlayingCardView.swift in Sources */ = {isa = PBXBuildFile; fileRef = 38C669022355DB780062B8D2 /* PlayingCardView.swift */; };
/* End PBXBuildFile section */

/* Begin PBXFileReference section */
		38C668E8235591A70062B8D2 /* playingCard.app */ = {isa = PBXFileReference; explicitFileType = wrapper.application; includeInIndex = 0; path = playingCard.app; sourceTree = BUILT_PRODUCTS_DIR; };
		38C668EB235591A70062B8D2 /* AppDelegate.swift */ = {isa = PBXFileReference; lastKnownFileType = sourcecode.swift; path = AppDelegate.swift; sourceTree = "<group>"; };
		38C668ED235591A70062B8D2 /* ViewController.swift */ = {isa = PBXFileReference; lastKnownFileType = sourcecode.swift; path = ViewController.swift; sourceTree = "<group>"; };
		38C668F0235591A70062B8D2 /* Base */ = {isa = PBXFileReference; lastKnownFileType = file.storyboard; name = Base; path = Base.lproj/Main.storyboard; sourceTree = "<group>"; };
		38C668F2235591A80062B8D2 /* Assets.xcassets */ = {isa = PBXFileReference; lastKnownFileType = folder.assetcatalog; path = Assets.xcassets; sourceTree = "<group>"; };
		38C668F5235591A80062B8D2 /* Base */ = {isa = PBXFileReference; lastKnownFileType = file.storyboard; name = Base; path = Base.lproj/LaunchScreen.storyboard; sourceTree = "<group>"; };
		38C668F7235591A80062B8D2 /* Info.plist */ = {isa = PBXFileReference; lastKnownFileType = text.plist.xml; path = Info.plist; sourceTree = "<group>"; };
		38C668FE235592300062B8D2 /* PlayingCard.swift */ = {isa = PBXFileReference; lastKnownFileType = sourcecode.swift; path = PlayingCard.swift; sourceTree = "<group>"; };
		38C66900235598020062B8D2 /* PlayingCardDeck.swift */ = {isa = PBXFileReference; lastKnownFileType = sourcecode.swift; path = PlayingCardDeck.swift; sourceTree = "<group>"; };
		38C669022355DB780062B8D2 /* PlayingCardView.swift */ = {isa = PBXFileReference; lastKnownFileType = sourcecode.swift; path = PlayingCardView.swift; sourceTree = "<group>"; };
/* End PBXFileReference section */

/* Begin PBXFrameworksBuildPhase section */
		38C668E5235591A70062B8D2 /* Frameworks */ = {
			isa = PBXFrameworksBuildPhase;
			buildActionMask = 2147483647;
			files = (
			);
			runOnlyForDeploymentPostprocessing = 0;
		};
/* End PBXFrameworksBuildPhase section */

/* Begin PBXGroup section */
		38C668DF235591A70062B8D2 = {
			isa = PBXGroup;
			children = (
				38C668EA235591A70062B8D2 /* playingCard */,
				38C668E9235591A70062B8D2 /* Products */,
			);
			sourceTree = "<group>";
		};
		38C668E9235591A70062B8D2 /* Products */ = {
			isa = PBXGroup;
			children = (
				38C668E8235591A70062B8D2 /* playingCard.app */,
			);
			name = Products;
			sourceTree = "<group>";
		};
		38C668EA235591A70062B8D2 /* playingCard */ = {
			isa = PBXGroup;
			children = (
				38C668FE235592300062B8D2 /* PlayingCard.swift */,
				38C66900235598020062B8D2 /* PlayingCardDeck.swift */,
				38C669022355DB780062B8D2 /* PlayingCardView.swift */,
				38C668ED235591A70062B8D2 /* ViewController.swift */,
				38C668EF235591A70062B8D2 /* Main.storyboard */,
				38C668F2235591A80062B8D2 /* Assets.xcassets */,
				38C668FD235591E70062B8D2 /* Supporting Files */,
				38C668F7235591A80062B8D2 /* Info.plist */,
			);
			path = playingCard;
			sourceTree = "<group>";
		};
		38C668FD235591E70062B8D2 /* Supporting Files */ = {
			isa = PBXGroup;
			children = (
				38C668F4235591A80062B8D2 /* LaunchScreen.storyboard */,
				38C668EB235591A70062B8D2 /* AppDelegate.swift */,
			);
			path = "Supporting Files";
			sourceTree = "<group>";
		};
/* End PBXGroup section */

/* Begin PBXNativeTarget section */
		38C668E7235591A70062B8D2 /* playingCard */ = {
			isa = PBXNativeTarget;
			buildConfigurationList = 38C668FA235591A80062B8D2 /* Build configuration list for PBXNativeTarget "playingCard" */;
			buildPhases = (
				38C668E4235591A70062B8D2 /* Sources */,
				38C668E5235591A70062B8D2 /* Frameworks */,
				38C668E6235591A70062B8D2 /* Resources */,
			);
			buildRules = (
			);
			dependencies = (
			);
			name = playingCard;
			productName = playingCard;
			productReference = 38C668E8235591A70062B8D2 /* playingCard.app */;
			productType = "com.apple.product-type.application";
		};
/* End PBXNativeTarget section */

/* Begin PBXProject section */
		38C668E0235591A70062B8D2 /* Project object */ = {
			isa = PBXProject;
			attributes = {
				LastSwiftUpdateCheck = 1030;
				LastUpgradeCheck = 1030;
				ORGANIZATIONNAME = JSKeum;
				TargetAttributes = {
					38C668E7235591A70062B8D2 = {
						CreatedOnToolsVersion = 10.3;
					};
				};
			};
			buildConfigurationList = 38C668E3235591A70062B8D2 /* Build configuration list for PBXProject "playingCard" */;
			compatibilityVersion = "Xcode 9.3";
			developmentRegion = en;
			hasScannedForEncodings = 0;
			knownRegions = (
				en,
				Base,
			);
			mainGroup = 38C668DF235591A70062B8D2;
			productRefGroup = 38C668E9235591A70062B8D2 /* Products */;
			projectDirPath = "";
			projectRoot = "";
			targets = (
				38C668E7235591A70062B8D2 /* playingCard */,
			);
		};
/* End PBXProject section */

/* Begin PBXResourcesBuildPhase section */
		38C668E6235591A70062B8D2 /* Resources */ = {
			isa = PBXResourcesBuildPhase;
			buildActionMask = 2147483647;
			files = (
				38C668F6235591A80062B8D2 /* LaunchScreen.storyboard in Resources */,
				38C668F3235591A80062B8D2 /* Assets.xcassets in Resources */,
				38C668F1235591A70062B8D2 /* Main.storyboard in Resources */,
			);
			runOnlyForDeploymentPostprocessing = 0;
		};
/* End PBXResourcesBuildPhase section */

/* Begin PBXSourcesBuildPhase section */
		38C668E4235591A70062B8D2 /* Sources */ = {
			isa = PBXSourcesBuildPhase;
			buildActionMask = 2147483647;
			files = (
				38C668EE235591A70062B8D2 /* ViewController.swift in Sources */,
				38C66901235598020062B8D2 /* PlayingCardDeck.swift in Sources */,
				38C668FF235592300062B8D2 /* PlayingCard.swift in Sources */,
				38C669032355DB780062B8D2 /* PlayingCardView.swift in Sources */,
				38C668EC235591A70062B8D2 /* AppDelegate.swift in Sources */,
			);
			runOnlyForDeploymentPostprocessing = 0;
		};
/* End PBXSourcesBuildPhase section */

/* Begin PBXVariantGroup section */
		38C668EF235591A70062B8D2 /* Main.storyboard */ = {
			isa = PBXVariantGroup;
			children = (
				38C668F0235591A70062B8D2 /* Base */,
			);
			name = Main.storyboard;
			sourceTree = "<group>";
		};
		38C668F4235591A80062B8D2 /* LaunchScreen.storyboard */ = {
			isa = PBXVariantGroup;
			children = (
				38C668F5235591A80062B8D2 /* Base */,
			);
			name = LaunchScreen.storyboard;
			sourceTree = "<group>";
		};
/* End PBXVariantGroup section */

/* Begin XCBuildConfiguration section */
		38C668F8235591A80062B8D2 /* Debug */ = {
			isa = XCBuildConfiguration;
			buildSettings = {
				ALWAYS_SEARCH_USER_PATHS = NO;
				CLANG_ANALYZER_NONNULL = YES;
				CLANG_ANALYZER_NUMBER_OBJECT_CONVERSION = YES_AGGRESSIVE;
				CLANG_CXX_LANGUAGE_STANDARD = "gnu++14";
				CLANG_CXX_LIBRARY = "libc++";
				CLANG_ENABLE_MODULES = YES;
				CLANG_ENABLE_OBJC_ARC = YES;
				CLANG_ENABLE_OBJC_WEAK = YES;
				CLANG_WARN_BLOCK_CAPTURE_AUTORELEASING = YES;
				CLANG_WARN_BOOL_CONVERSION = YES;
				CLANG_WARN_COMMA = YES;
				CLANG_WARN_CONSTANT_CONVERSION = YES;
				CLANG_WARN_DEPRECATED_OBJC_IMPLEMENTATIONS = YES;
				CLANG_WARN_DIRECT_OBJC_ISA_USAGE = YES_ERROR;
				CLANG_WARN_DOCUMENTATION_COMMENTS = YES;
				CLANG_WARN_EMPTY_BODY = YES;
				CLANG_WARN_ENUM_CONVERSION = YES;
				CLANG_WARN_INFINITE_RECURSION = YES;
				CLANG_WARN_INT_CONVERSION = YES;
				CLANG_WARN_NON_LITERAL_NULL_CONVERSION = YES;
				CLANG_WARN_OBJC_IMPLICIT_RETAIN_SELF = YES;
				CLANG_WARN_OBJC_LITERAL_CONVERSION = YES;
				CLANG_WARN_OBJC_ROOT_CLASS = YES_ERROR;
				CLANG_WARN_RANGE_LOOP_ANALYSIS = YES;
				CLANG_WARN_STRICT_PROTOTYPES = YES;
				CLANG_WARN_SUSPICIOUS_MOVE = YES;
				CLANG_WARN_UNGUARDED_AVAILABILITY = YES_AGGRESSIVE;
				CLANG_WARN_UNREACHABLE_CODE = YES;
				CLANG_WARN__DUPLICATE_METHOD_MATCH = YES;
				CODE_SIGN_IDENTITY = "iPhone Developer";
				COPY_PHASE_STRIP = NO;
				DEBUG_INFORMATION_FORMAT = dwarf;
				ENABLE_STRICT_OBJC_MSGSEND = YES;
				ENABLE_TESTABILITY = YES;
				GCC_C_LANGUAGE_STANDARD = gnu11;
				GCC_DYNAMIC_NO_PIC = NO;
				GCC_NO_COMMON_BLOCKS = YES;
				GCC_OPTIMIZATION_LEVEL = 0;
				GCC_PREPROCESSOR_DEFINITIONS = (
					"DEBUG=1",
					"$(inherited)",
				);
				GCC_WARN_64_TO_32_BIT_CONVERSION = YES;
				GCC_WARN_ABOUT_RETURN_TYPE = YES_ERROR;
				GCC_WARN_UNDECLARED_SELECTOR = YES;
				GCC_WARN_UNINITIALIZED_AUTOS = YES_AGGRESSIVE;
				GCC_WARN_UNUSED_FUNCTION = YES;
				GCC_WARN_UNUSED_VARIABLE = YES;
				IPHONEOS_DEPLOYMENT_TARGET = 12.4;
				MTL_ENABLE_DEBUG_INFO = INCLUDE_SOURCE;
				MTL_FAST_MATH = YES;
				ONLY_ACTIVE_ARCH = YES;
				SDKROOT = iphoneos;
				SWIFT_ACTIVE_COMPILATION_CONDITIONS = DEBUG;
				SWIFT_OPTIMIZATION_LEVEL = "-Onone";
			};
			name = Debug;
		};
		38C668F9235591A80062B8D2 /* Release */ = {
			isa = XCBuildConfiguration;
			buildSettings = {
				ALWAYS_SEARCH_USER_PATHS = NO;
				CLANG_ANALYZER_NONNULL = YES;
				CLANG_ANALYZER_NUMBER_OBJECT_CONVERSION = YES_AGGRESSIVE;
				CLANG_CXX_LANGUAGE_STANDARD = "gnu++14";
				CLANG_CXX_LIBRARY = "libc++";
				CLANG_ENABLE_MODULES = YES;
				CLANG_ENABLE_OBJC_ARC = YES;
				CLANG_ENABLE_OBJC_WEAK = YES;
				CLANG_WARN_BLOCK_CAPTURE_AUTORELEASING = YES;
				CLANG_WARN_BOOL_CONVERSION = YES;
				CLANG_WARN_COMMA = YES;
				CLANG_WARN_CONSTANT_CONVERSION = YES;
				CLANG_WARN_DEPRECATED_OBJC_IMPLEMENTATIONS = YES;
				CLANG_WARN_DIRECT_OBJC_ISA_USAGE = YES_ERROR;
				CLANG_WARN_DOCUMENTATION_COMMENTS = YES;
				CLANG_WARN_EMPTY_BODY = YES;
				CLANG_WARN_ENUM_CONVERSION = YES;
				CLANG_WARN_INFINITE_RECURSION = YES;
				CLANG_WARN_INT_CONVERSION = YES;
				CLANG_WARN_NON_LITERAL_NULL_CONVERSION = YES;
				CLANG_WARN_OBJC_IMPLICIT_RETAIN_SELF = YES;
				CLANG_WARN_OBJC_LITERAL_CONVERSION = YES;
				CLANG_WARN_OBJC_ROOT_CLASS = YES_ERROR;
				CLANG_WARN_RANGE_LOOP_ANALYSIS = YES;
				CLANG_WARN_STRICT_PROTOTYPES = YES;
				CLANG_WARN_SUSPICIOUS_MOVE = YES;
				CLANG_WARN_UNGUARDED_AVAILABILITY = YES_AGGRESSIVE;
				CLANG_WARN_UNREACHABLE_CODE = YES;
				CLANG_WARN__DUPLICATE_METHOD_MATCH = YES;
				CODE_SIGN_IDENTITY = "iPhone Developer";
				COPY_PHASE_STRIP = NO;
				DEBUG_INFORMATION_FORMAT = "dwarf-with-dsym";
				ENABLE_NS_ASSERTIONS = NO;
				ENABLE_STRICT_OBJC_MSGSEND = YES;
				GCC_C_LANGUAGE_STANDARD = gnu11;
				GCC_NO_COMMON_BLOCKS = YES;
				GCC_WARN_64_TO_32_BIT_CONVERSION = YES;
				GCC_WARN_ABOUT_RETURN_TYPE = YES_ERROR;
				GCC_WARN_UNDECLARED_SELECTOR = YES;
				GCC_WARN_UNINITIALIZED_AUTOS = YES_AGGRESSIVE;
				GCC_WARN_UNUSED_FUNCTION = YES;
				GCC_WARN_UNUSED_VARIABLE = YES;
				IPHONEOS_DEPLOYMENT_TARGET = 12.4;
				MTL_ENABLE_DEBUG_INFO = NO;
				MTL_FAST_MATH = YES;
				SDKROOT = iphoneos;
				SWIFT_COMPILATION_MODE = wholemodule;
				SWIFT_OPTIMIZATION_LEVEL = "-O";
				VALIDATE_PRODUCT = YES;
			};
			name = Release;
		};
		38C668FB235591A80062B8D2 /* Debug */ = {
			isa = XCBuildConfiguration;
			buildSettings = {
				ASSETCATALOG_COMPILER_APPICON_NAME = AppIcon;
				CODE_SIGN_STYLE = Automatic;
				INFOPLIST_FILE = playingCard/Info.plist;
				LD_RUNPATH_SEARCH_PATHS = (
					"$(inherited)",
					"@executable_path/Frameworks",
				);
				PRODUCT_BUNDLE_IDENTIFIER = com.jskeum.stanford.playingCard;
				PRODUCT_NAME = "$(TARGET_NAME)";
				SWIFT_VERSION = 5.0;
				TARGETED_DEVICE_FAMILY = "1,2";
			};
			name = Debug;
		};
		38C668FC235591A80062B8D2 /* Release */ = {
			isa = XCBuildConfiguration;
			buildSettings = {
				ASSETCATALOG_COMPILER_APPICON_NAME = AppIcon;
				CODE_SIGN_STYLE = Automatic;
				INFOPLIST_FILE = playingCard/Info.plist;
				LD_RUNPATH_SEARCH_PATHS = (
					"$(inherited)",
					"@executable_path/Frameworks",
				);
				PRODUCT_BUNDLE_IDENTIFIER = com.jskeum.stanford.playingCard;
				PRODUCT_NAME = "$(TARGET_NAME)";
				SWIFT_VERSION = 5.0;
				TARGETED_DEVICE_FAMILY = "1,2";
			};
			name = Release;
		};
/* End XCBuildConfiguration section */

/* Begin XCConfigurationList section */
		38C668E3235591A70062B8D2 /* Build configuration list for PBXProject "playingCard" */ = {
			isa = XCConfigurationList;
			buildConfigurations = (
				38C668F8235591A80062B8D2 /* Debug */,
				38C668F9235591A80062B8D2 /* Release */,
			);
			defaultConfigurationIsVisible = 0;
			defaultConfigurationName = Release;
		};
		38C668FA235591A80062B8D2 /* Build configuration list for PBXNativeTarget "playingCard" */ = {
			isa = XCConfigurationList;
			buildConfigurations = (
				38C668FB235591A80062B8D2 /* Debug */,
				38C668FC235591A80062B8D2 /* Release */,
			);
			defaultConfigurationIsVisible = 0;
			defaultConfigurationName = Release;
		};
/* End XCConfigurationList section */
	};
	rootObject = 38C668E0235591A70062B8D2 /* Project object */;
}
