// !$*UTF8*$!
{
	archiveVersion = 1;
	classes = {
	};
	objectVersion = 50;
	objects = {

/* Begin PBXBuildFile section */
		3851F8F42375CE57004B32DB /* AppDelegate.swift in Sources */ = {isa = PBXBuildFile; fileRef = 3851F8F32375CE57004B32DB /* AppDelegate.swift */; };
		3851F8F62375CE57004B32DB /* SceneDelegate.swift in Sources */ = {isa = PBXBuildFile; fileRef = 3851F8F52375CE57004B32DB /* SceneDelegate.swift */; };
		3851F8F82375CE57004B32DB /* ViewController.swift in Sources */ = {isa = PBXBuildFile; fileRef = 3851F8F72375CE57004B32DB /* ViewController.swift */; };
		3851F8FB2375CE57004B32DB /* Main.storyboard in Resources */ = {isa = PBXBuildFile; fileRef = 3851F8F92375CE57004B32DB /* Main.storyboard */; };
		3851F8FD2375CE59004B32DB /* Assets.xcassets in Resources */ = {isa = PBXBuildFile; fileRef = 3851F8FC2375CE59004B32DB /* Assets.xcassets */; };
		3851F9002375CE59004B32DB /* LaunchScreen.storyboard in Resources */ = {isa = PBXBuildFile; fileRef = 3851F8FE2375CE59004B32DB /* LaunchScreen.storyboard */; };
		3851F9082375CF75004B32DB /* SwiftUIView.swift in Sources */ = {isa = PBXBuildFile; fileRef = 3851F9072375CF75004B32DB /* SwiftUIView.swift */; };
/* End PBXBuildFile section */

/* Begin PBXFileReference section */
		3851F8F02375CE57004B32DB /* SwiftUIandStoryboardTest.app */ = {isa = PBXFileReference; explicitFileType = wrapper.application; includeInIndex = 0; path = SwiftUIandStoryboardTest.app; sourceTree = BUILT_PRODUCTS_DIR; };
		3851F8F32375CE57004B32DB /* AppDelegate.swift */ = {isa = PBXFileReference; lastKnownFileType = sourcecode.swift; path = AppDelegate.swift; sourceTree = "<group>"; };
		3851F8F52375CE57004B32DB /* SceneDelegate.swift */ = {isa = PBXFileReference; lastKnownFileType = sourcecode.swift; path = SceneDelegate.swift; sourceTree = "<group>"; };
		3851F8F72375CE57004B32DB /* ViewController.swift */ = {isa = PBXFileReference; lastKnownFileType = sourcecode.swift; path = ViewController.swift; sourceTree = "<group>"; };
		3851F8FA2375CE57004B32DB /* Base */ = {isa = PBXFileReference; lastKnownFileType = file.storyboard; name = Base; path = Base.lproj/Main.storyboard; sourceTree = "<group>"; };
		3851F8FC2375CE59004B32DB /* Assets.xcassets */ = {isa = PBXFileReference; lastKnownFileType = folder.assetcatalog; path = Assets.xcassets; sourceTree = "<group>"; };
		3851F8FF2375CE59004B32DB /* Base */ = {isa = PBXFileReference; lastKnownFileType = file.storyboard; name = Base; path = Base.lproj/LaunchScreen.storyboard; sourceTree = "<group>"; };
		3851F9012375CE59004B32DB /* Info.plist */ = {isa = PBXFileReference; lastKnownFileType = text.plist.xml; path = Info.plist; sourceTree = "<group>"; };
		3851F9072375CF75004B32DB /* SwiftUIView.swift */ = {isa = PBXFileReference; lastKnownFileType = sourcecode.swift; path = SwiftUIView.swift; sourceTree = "<group>"; };
/* End PBXFileReference section */

/* Begin PBXFrameworksBuildPhase section */
		3851F8ED2375CE57004B32DB /* Frameworks */ = {
			isa = PBXFrameworksBuildPhase;
			buildActionMask = 2147483647;
			files = (
			);
			runOnlyForDeploymentPostprocessing = 0;
		};
/* End PBXFrameworksBuildPhase section */

/* Begin PBXGroup section */
		3851F8E72375CE57004B32DB = {
			isa = PBXGroup;
			children = (
				3851F8F22375CE57004B32DB /* SwiftUIandStoryboardTest */,
				3851F8F12375CE57004B32DB /* Products */,
			);
			sourceTree = "<group>";
		};
		3851F8F12375CE57004B32DB /* Products */ = {
			isa = PBXGroup;
			children = (
				3851F8F02375CE57004B32DB /* SwiftUIandStoryboardTest.app */,
			);
			name = Products;
			sourceTree = "<group>";
		};
		3851F8F22375CE57004B32DB /* SwiftUIandStoryboardTest */ = {
			isa = PBXGroup;
			children = (
				3851F8F32375CE57004B32DB /* AppDelegate.swift */,
				3851F8F52375CE57004B32DB /* SceneDelegate.swift */,
				3851F8F72375CE57004B32DB /* ViewController.swift */,
				3851F9072375CF75004B32DB /* SwiftUIView.swift */,
				3851F8F92375CE57004B32DB /* Main.storyboard */,
				3851F8FC2375CE59004B32DB /* Assets.xcassets */,
				3851F8FE2375CE59004B32DB /* LaunchScreen.storyboard */,
				3851F9012375CE59004B32DB /* Info.plist */,
			);
			path = SwiftUIandStoryboardTest;
			sourceTree = "<group>";
		};
/* End PBXGroup section */

/* Begin PBXNativeTarget section */
		3851F8EF2375CE57004B32DB /* SwiftUIandStoryboardTest */ = {
			isa = PBXNativeTarget;
			buildConfigurationList = 3851F9042375CE59004B32DB /* Build configuration list for PBXNativeTarget "SwiftUIandStoryboardTest" */;
			buildPhases = (
				3851F8EC2375CE57004B32DB /* Sources */,
				3851F8ED2375CE57004B32DB /* Frameworks */,
				3851F8EE2375CE57004B32DB /* Resources */,
			);
			buildRules = (
			);
			dependencies = (
			);
			name = SwiftUIandStoryboardTest;
			productName = SwiftUIandStoryboardTest;
			productReference = 3851F8F02375CE57004B32DB /* SwiftUIandStoryboardTest.app */;
			productType = "com.apple.product-type.application";
		};
/* End PBXNativeTarget section */

/* Begin PBXProject section */
		3851F8E82375CE57004B32DB /* Project object */ = {
			isa = PBXProject;
			attributes = {
				LastSwiftUpdateCheck = 1110;
				LastUpgradeCheck = 1110;
				ORGANIZATIONNAME = JSKeum;
				TargetAttributes = {
					3851F8EF2375CE57004B32DB = {
						CreatedOnToolsVersion = 11.1;
					};
				};
			};
			buildConfigurationList = 3851F8EB2375CE57004B32DB /* Build configuration list for PBXProject "SwiftUIandStoryboardTest" */;
			compatibilityVersion = "Xcode 9.3";
			developmentRegion = en;
			hasScannedForEncodings = 0;
			knownRegions = (
				en,
				Base,
			);
			mainGroup = 3851F8E72375CE57004B32DB;
			productRefGroup = 3851F8F12375CE57004B32DB /* Products */;
			projectDirPath = "";
			projectRoot = "";
			targets = (
				3851F8EF2375CE57004B32DB /* SwiftUIandStoryboardTest */,
			);
		};
/* End PBXProject section */

/* Begin PBXResourcesBuildPhase section */
		3851F8EE2375CE57004B32DB /* Resources */ = {
			isa = PBXResourcesBuildPhase;
			buildActionMask = 2147483647;
			files = (
				3851F9002375CE59004B32DB /* LaunchScreen.storyboard in Resources */,
				3851F8FD2375CE59004B32DB /* Assets.xcassets in Resources */,
				3851F8FB2375CE57004B32DB /* Main.storyboard in Resources */,
			);
			runOnlyForDeploymentPostprocessing = 0;
		};
/* End PBXResourcesBuildPhase section */

/* Begin PBXSourcesBuildPhase section */
		3851F8EC2375CE57004B32DB /* Sources */ = {
			isa = PBXSourcesBuildPhase;
			buildActionMask = 2147483647;
			files = (
				3851F8F82375CE57004B32DB /* ViewController.swift in Sources */,
				3851F8F42375CE57004B32DB /* AppDelegate.swift in Sources */,
				3851F9082375CF75004B32DB /* SwiftUIView.swift in Sources */,
				3851F8F62375CE57004B32DB /* SceneDelegate.swift in Sources */,
			);
			runOnlyForDeploymentPostprocessing = 0;
		};
/* End PBXSourcesBuildPhase section */

/* Begin PBXVariantGroup section */
		3851F8F92375CE57004B32DB /* Main.storyboard */ = {
			isa = PBXVariantGroup;
			children = (
				3851F8FA2375CE57004B32DB /* Base */,
			);
			name = Main.storyboard;
			sourceTree = "<group>";
		};
		3851F8FE2375CE59004B32DB /* LaunchScreen.storyboard */ = {
			isa = PBXVariantGroup;
			children = (
				3851F8FF2375CE59004B32DB /* Base */,
			);
			name = LaunchScreen.storyboard;
			sourceTree = "<group>";
		};
/* End PBXVariantGroup section */

/* Begin XCBuildConfiguration section */
		3851F9022375CE59004B32DB /* Debug */ = {
			isa = XCBuildConfiguration;
			buildSettings = {
				ALWAYS_SEARCH_USER_PATHS = NO;
				CLANG_ANALYZER_NONNULL = YES;
				CLANG_ANALYZER_NUMBER_OBJECT_CONVERSION = YES_AGGRESSIVE;
				CLANG_CXX_LANGUAGE_STANDARD = "gnu++14";
				CLANG_CXX_LIBRARY = "libc++";
				CLANG_ENABLE_MODULES = YES;
				CLANG_ENABLE_OBJC_ARC = YES;
				CLANG_ENABLE_OBJC_WEAK = YES;
				CLANG_WARN_BLOCK_CAPTURE_AUTORELEASING = YES;
				CLANG_WARN_BOOL_CONVERSION = YES;
				CLANG_WARN_COMMA = YES;
				CLANG_WARN_CONSTANT_CONVERSION = YES;
				CLANG_WARN_DEPRECATED_OBJC_IMPLEMENTATIONS = YES;
				CLANG_WARN_DIRECT_OBJC_ISA_USAGE = YES_ERROR;
				CLANG_WARN_DOCUMENTATION_COMMENTS = YES;
				CLANG_WARN_EMPTY_BODY = YES;
				CLANG_WARN_ENUM_CONVERSION = YES;
				CLANG_WARN_INFINITE_RECURSION = YES;
				CLANG_WARN_INT_CONVERSION = YES;
				CLANG_WARN_NON_LITERAL_NULL_CONVERSION = YES;
				CLANG_WARN_OBJC_IMPLICIT_RETAIN_SELF = YES;
				CLANG_WARN_OBJC_LITERAL_CONVERSION = YES;
				CLANG_WARN_OBJC_ROOT_CLASS = YES_ERROR;
				CLANG_WARN_RANGE_LOOP_ANALYSIS = YES;
				CLANG_WARN_STRICT_PROTOTYPES = YES;
				CLANG_WARN_SUSPICIOUS_MOVE = YES;
				CLANG_WARN_UNGUARDED_AVAILABILITY = YES_AGGRESSIVE;
				CLANG_WARN_UNREACHABLE_CODE = YES;
				CLANG_WARN__DUPLICATE_METHOD_MATCH = YES;
				COPY_PHASE_STRIP = NO;
				DEBUG_INFORMATION_FORMAT = dwarf;
				ENABLE_STRICT_OBJC_MSGSEND = YES;
				ENABLE_TESTABILITY = YES;
				GCC_C_LANGUAGE_STANDARD = gnu11;
				GCC_DYNAMIC_NO_PIC = NO;
				GCC_NO_COMMON_BLOCKS = YES;
				GCC_OPTIMIZATION_LEVEL = 0;
				GCC_PREPROCESSOR_DEFINITIONS = (
					"DEBUG=1",
					"$(inherited)",
				);
				GCC_WARN_64_TO_32_BIT_CONVERSION = YES;
				GCC_WARN_ABOUT_RETURN_TYPE = YES_ERROR;
				GCC_WARN_UNDECLARED_SELECTOR = YES;
				GCC_WARN_UNINITIALIZED_AUTOS = YES_AGGRESSIVE;
				GCC_WARN_UNUSED_FUNCTION = YES;
				GCC_WARN_UNUSED_VARIABLE = YES;
				IPHONEOS_DEPLOYMENT_TARGET = 13.1;
				MTL_ENABLE_DEBUG_INFO = INCLUDE_SOURCE;
				MTL_FAST_MATH = YES;
				ONLY_ACTIVE_ARCH = YES;
				SDKROOT = iphoneos;
				SWIFT_ACTIVE_COMPILATION_CONDITIONS = DEBUG;
				SWIFT_OPTIMIZATION_LEVEL = "-Onone";
			};
			name = Debug;
		};
		3851F9032375CE59004B32DB /* Release */ = {
			isa = XCBuildConfiguration;
			buildSettings = {
				ALWAYS_SEARCH_USER_PATHS = NO;
				CLANG_ANALYZER_NONNULL = YES;
				CLANG_ANALYZER_NUMBER_OBJECT_CONVERSION = YES_AGGRESSIVE;
				CLANG_CXX_LANGUAGE_STANDARD = "gnu++14";
				CLANG_CXX_LIBRARY = "libc++";
				CLANG_ENABLE_MODULES = YES;
				CLANG_ENABLE_OBJC_ARC = YES;
				CLANG_ENABLE_OBJC_WEAK = YES;
				CLANG_WARN_BLOCK_CAPTURE_AUTORELEASING = YES;
				CLANG_WARN_BOOL_CONVERSION = YES;
				CLANG_WARN_COMMA = YES;
				CLANG_WARN_CONSTANT_CONVERSION = YES;
				CLANG_WARN_DEPRECATED_OBJC_IMPLEMENTATIONS = YES;
				CLANG_WARN_DIRECT_OBJC_ISA_USAGE = YES_ERROR;
				CLANG_WARN_DOCUMENTATION_COMMENTS = YES;
				CLANG_WARN_EMPTY_BODY = YES;
				CLANG_WARN_ENUM_CONVERSION = YES;
				CLANG_WARN_INFINITE_RECURSION = YES;
				CLANG_WARN_INT_CONVERSION = YES;
				CLANG_WARN_NON_LITERAL_NULL_CONVERSION = YES;
				CLANG_WARN_OBJC_IMPLICIT_RETAIN_SELF = YES;
				CLANG_WARN_OBJC_LITERAL_CONVERSION = YES;
				CLANG_WARN_OBJC_ROOT_CLASS = YES_ERROR;
				CLANG_WARN_RANGE_LOOP_ANALYSIS = YES;
				CLANG_WARN_STRICT_PROTOTYPES = YES;
				CLANG_WARN_SUSPICIOUS_MOVE = YES;
				CLANG_WARN_UNGUARDED_AVAILABILITY = YES_AGGRESSIVE;
				CLANG_WARN_UNREACHABLE_CODE = YES;
				CLANG_WARN__DUPLICATE_METHOD_MATCH = YES;
				COPY_PHASE_STRIP = NO;
				DEBUG_INFORMATION_FORMAT = "dwarf-with-dsym";
				ENABLE_NS_ASSERTIONS = NO;
				ENABLE_STRICT_OBJC_MSGSEND = YES;
				GCC_C_LANGUAGE_STANDARD = gnu11;
				GCC_NO_COMMON_BLOCKS = YES;
				GCC_WARN_64_TO_32_BIT_CONVERSION = YES;
				GCC_WARN_ABOUT_RETURN_TYPE = YES_ERROR;
				GCC_WARN_UNDECLARED_SELECTOR = YES;
				GCC_WARN_UNINITIALIZED_AUTOS = YES_AGGRESSIVE;
				GCC_WARN_UNUSED_FUNCTION = YES;
				GCC_WARN_UNUSED_VARIABLE = YES;
				IPHONEOS_DEPLOYMENT_TARGET = 13.1;
				MTL_ENABLE_DEBUG_INFO = NO;
				MTL_FAST_MATH = YES;
				SDKROOT = iphoneos;
				SWIFT_COMPILATION_MODE = wholemodule;
				SWIFT_OPTIMIZATION_LEVEL = "-O";
				VALIDATE_PRODUCT = YES;
			};
			name = Release;
		};
		3851F9052375CE59004B32DB /* Debug */ = {
			isa = XCBuildConfiguration;
			buildSettings = {
				ASSETCATALOG_COMPILER_APPICON_NAME = AppIcon;
				CODE_SIGN_STYLE = Automatic;
				INFOPLIST_FILE = SwiftUIandStoryboardTest/Info.plist;
				LD_RUNPATH_SEARCH_PATHS = (
					"$(inherited)",
					"@executable_path/Frameworks",
				);
				PRODUCT_BUNDLE_IDENTIFIER = com.jskeum.stanford.SwiftUIandStoryboardTest;
				PRODUCT_NAME = "$(TARGET_NAME)";
				SWIFT_VERSION = 5.0;
				TARGETED_DEVICE_FAMILY = "1,2";
			};
			name = Debug;
		};
		3851F9062375CE59004B32DB /* Release */ = {
			isa = XCBuildConfiguration;
			buildSettings = {
				ASSETCATALOG_COMPILER_APPICON_NAME = AppIcon;
				CODE_SIGN_STYLE = Automatic;
				INFOPLIST_FILE = SwiftUIandStoryboardTest/Info.plist;
				LD_RUNPATH_SEARCH_PATHS = (
					"$(inherited)",
					"@executable_path/Frameworks",
				);
				PRODUCT_BUNDLE_IDENTIFIER = com.jskeum.stanford.SwiftUIandStoryboardTest;
				PRODUCT_NAME = "$(TARGET_NAME)";
				SWIFT_VERSION = 5.0;
				TARGETED_DEVICE_FAMILY = "1,2";
			};
			name = Release;
		};
/* End XCBuildConfiguration section */

/* Begin XCConfigurationList section */
		3851F8EB2375CE57004B32DB /* Build configuration list for PBXProject "SwiftUIandStoryboardTest" */ = {
			isa = XCConfigurationList;
			buildConfigurations = (
				3851F9022375CE59004B32DB /* Debug */,
				3851F9032375CE59004B32DB /* Release */,
			);
			defaultConfigurationIsVisible = 0;
			defaultConfigurationName = Release;
		};
		3851F9042375CE59004B32DB /* Build configuration list for PBXNativeTarget "SwiftUIandStoryboardTest" */ = {
			isa = XCConfigurationList;
			buildConfigurations = (
				3851F9052375CE59004B32DB /* Debug */,
				3851F9062375CE59004B32DB /* Release */,
			);
			defaultConfigurationIsVisible = 0;
			defaultConfigurationName = Release;
		};
/* End XCConfigurationList section */
	};
	rootObject = 3851F8E82375CE57004B32DB /* Project object */;
}
